{
  "name": "spriteship-game-samples",
  "version": "0.1.0",
  "lockfileVersion": 3,
  "requires": true,
  "packages": {
    "": {
      "name": "spriteship-game-samples",
      "version": "0.1.0",
      "workspaces": [
        "games/*"
      ]
    },
    "games/last-light": {
      "name": "@spriteship/last-light",
      "version": "0.1.0"
    },
    "node_modules/@spriteship/last-light": {
      "resolved": "games/last-light",
      "link": true
    }
  }
}
